
Microsoft Visual Studio Solution File, Format Version 12.00
# Visual Studio Version 17
VisualStudioVersion = 17.14.36121.58 d17.14
MinimumVisualStudioVersion = 10.0.40219.1
Project("{FAE04EC0-301F-11D3-BF4B-00C04F79EFBC}") = "EcomAPI", "EcomAPI\EcomAPI.csproj", "{653F7FFC-9A5F-4AE9-BFEF-7BB1E5788BBF}"
EndProject
Project("{FAE04EC0-301F-11D3-BF4B-00C04F79EFBC}") = "EcomAPITests", "EcomAPITests\EcomAPITests.csproj", "{FCBCDF8E-E958-43CE-80B0-A3C421C41272}"
EndProject
Global
	GlobalSection(SolutionConfigurationPlatforms) = preSolution
		Debug|Any CPU = Debug|Any CPU
		Release|Any CPU = Release|Any CPU
	EndGlobalSection
	GlobalSection(ProjectConfigurationPlatforms) = postSolution
		{653F7FFC-9A5F-4AE9-BFEF-7BB1E5788BBF}.Debug|Any CPU.ActiveCfg = Debug|Any CPU
		{653F7FFC-9A5F-4AE9-BFEF-7BB1E5788BBF}.Debug|Any CPU.Build.0 = Debug|Any CPU
		{653F7FFC-9A5F-4AE9-BFEF-7BB1E5788BBF}.Release|Any CPU.ActiveCfg = Release|Any CPU
		{653F7FFC-9A5F-4AE9-BFEF-7BB1E5788BBF}.Release|Any CPU.Build.0 = Release|Any CPU
		{FCBCDF8E-E958-43CE-80B0-A3C421C41272}.Debug|Any CPU.ActiveCfg = Debug|Any CPU
		{FCBCDF8E-E958-43CE-80B0-A3C421C41272}.Debug|Any CPU.Build.0 = Debug|Any CPU
		{FCBCDF8E-E958-43CE-80B0-A3C421C41272}.Release|Any CPU.ActiveCfg = Release|Any CPU
		{FCBCDF8E-E958-43CE-80B0-A3C421C41272}.Release|Any CPU.Build.0 = Release|Any CPU
	EndGlobalSection
	GlobalSection(SolutionProperties) = preSolution
		HideSolutionNode = FALSE
	EndGlobalSection
	GlobalSection(ExtensibilityGlobals) = postSolution
		SolutionGuid = {A6FF153F-B5B8-4C1B-88CB-8FDF1EACE3EF}
	EndGlobalSection
EndGlobal
